// !$*UTF8*$!
{
	archiveVersion = 1;
	classes = {
	};
	objectVersion = 45;
	objects = {

/* Begin PBXAggregateTarget section */
		24416B8111C4CA220047AFDD /* Build & Test */ = {
			isa = PBXAggregateTarget;
			buildConfigurationList = 24416B8A11C4CA520047AFDD /* Build configuration list for PBXAggregateTarget "Build & Test" */;
			buildPhases = (
				24416B8011C4CA220047AFDD /* ShellScript */,
			);
			dependencies = (
				24416B8511C4CA280047AFDD /* PBXTargetDependency */,
			);
			name = "Build & Test";
			productName = "Build & test";
		};
/* End PBXAggregateTarget section */

/* Begin PBXBuildFile section */
		24DD6CF91134B3F500162E58 /* TiMapModule.h in Headers */ = {isa = PBXBuildFile; fileRef = 24DD6CF71134B3F500162E58 /* TiMapModule.h */; };
		24DD6CFA1134B3F500162E58 /* TiMapModule.m in Sources */ = {isa = PBXBuildFile; fileRef = 24DD6CF81134B3F500162E58 /* TiMapModule.m */; };
		24DE9E1111C5FE74003F90F6 /* TiMapModuleAssets.h in Headers */ = {isa = PBXBuildFile; fileRef = 24DE9E0F11C5FE74003F90F6 /* TiMapModuleAssets.h */; };
		24DE9E1211C5FE74003F90F6 /* TiMapModuleAssets.m in Sources */ = {isa = PBXBuildFile; fileRef = 24DE9E1011C5FE74003F90F6 /* TiMapModuleAssets.m */; };
		AA747D9F0F9514B9006C5449 /* TiMap_Prefix.pch in Headers */ = {isa = PBXBuildFile; fileRef = AA747D9E0F9514B9006C5449 /* TiMap_Prefix.pch */; };
		AACBBE4A0F95108600F1A2B1 /* Foundation.framework in Frameworks */ = {isa = PBXBuildFile; fileRef = AACBBE490F95108600F1A2B1 /* Foundation.framework */; };
		CE92EC1D17DF7B2F0082E943 /* TiMapIOS7View.h in Headers */ = {isa = PBXBuildFile; fileRef = CE92EC1917DF7B2F0082E943 /* TiMapIOS7View.h */; };
		CE92EC1E17DF7B2F0082E943 /* TiMapIOS7View.m in Sources */ = {isa = PBXBuildFile; fileRef = CE92EC1A17DF7B2F0082E943 /* TiMapIOS7View.m */; };
		CE92EC1F17DF7B2F0082E943 /* TiMapIOS7ViewProxy.h in Headers */ = {isa = PBXBuildFile; fileRef = CE92EC1B17DF7B2F0082E943 /* TiMapIOS7ViewProxy.h */; };
		CE92EC2017DF7B2F0082E943 /* TiMapIOS7ViewProxy.m in Sources */ = {isa = PBXBuildFile; fileRef = CE92EC1C17DF7B2F0082E943 /* TiMapIOS7ViewProxy.m */; };
		CE92EC2217DF8B020082E943 /* TiMKOverlayPathUniversal.h in Headers */ = {isa = PBXBuildFile; fileRef = CE92EC2117DF8B020082E943 /* TiMKOverlayPathUniversal.h */; };
		CE92EC2517DF9A640082E943 /* TiMapCameraProxy.h in Headers */ = {isa = PBXBuildFile; fileRef = CE92EC2317DF9A640082E943 /* TiMapCameraProxy.h */; };
		CE92EC2617DF9A640082E943 /* TiMapCameraProxy.m in Sources */ = {isa = PBXBuildFile; fileRef = CE92EC2417DF9A640082E943 /* TiMapCameraProxy.m */; };
		CEC39B4617EB97BA00DCE1EE /* TiMapRouteProxy.h in Headers */ = {isa = PBXBuildFile; fileRef = CEC39B4417EB97BA00DCE1EE /* TiMapRouteProxy.h */; };
		CEC39B4717EB97BA00DCE1EE /* TiMapRouteProxy.m in Sources */ = {isa = PBXBuildFile; fileRef = CEC39B4517EB97BA00DCE1EE /* TiMapRouteProxy.m */; };
		CED651C617D7AA21007C2954 /* TiMapAnnotationProxy.h in Headers */ = {isa = PBXBuildFile; fileRef = CED651BA17D7AA21007C2954 /* TiMapAnnotationProxy.h */; };
		CED651C717D7AA21007C2954 /* TiMapAnnotationProxy.m in Sources */ = {isa = PBXBuildFile; fileRef = CED651BB17D7AA21007C2954 /* TiMapAnnotationProxy.m */; };
		CED651C817D7AA21007C2954 /* TiMapCustomAnnotationView.h in Headers */ = {isa = PBXBuildFile; fileRef = CED651BC17D7AA21007C2954 /* TiMapCustomAnnotationView.h */; };
		CED651C917D7AA21007C2954 /* TiMapCustomAnnotationView.m in Sources */ = {isa = PBXBuildFile; fileRef = CED651BD17D7AA21007C2954 /* TiMapCustomAnnotationView.m */; };
		CED651CA17D7AA21007C2954 /* TiMapImageAnnotationView.h in Headers */ = {isa = PBXBuildFile; fileRef = CED651BE17D7AA21007C2954 /* TiMapImageAnnotationView.h */; };
		CED651CB17D7AA21007C2954 /* TiMapImageAnnotationView.m in Sources */ = {isa = PBXBuildFile; fileRef = CED651BF17D7AA21007C2954 /* TiMapImageAnnotationView.m */; };
		CED651CC17D7AA21007C2954 /* TiMapPinAnnotationView.h in Headers */ = {isa = PBXBuildFile; fileRef = CED651C017D7AA21007C2954 /* TiMapPinAnnotationView.h */; };
		CED651CD17D7AA21007C2954 /* TiMapPinAnnotationView.m in Sources */ = {isa = PBXBuildFile; fileRef = CED651C117D7AA21007C2954 /* TiMapPinAnnotationView.m */; };
		CED651CE17D7AA21007C2954 /* TiMapView.h in Headers */ = {isa = PBXBuildFile; fileRef = CED651C217D7AA21007C2954 /* TiMapView.h */; };
		CED651CF17D7AA21007C2954 /* TiMapView.m in Sources */ = {isa = PBXBuildFile; fileRef = CED651C317D7AA21007C2954 /* TiMapView.m */; };
		CED651D017D7AA21007C2954 /* TiMapViewProxy.h in Headers */ = {isa = PBXBuildFile; fileRef = CED651C417D7AA21007C2954 /* TiMapViewProxy.h */; };
		CED651D117D7AA21007C2954 /* TiMapViewProxy.m in Sources */ = {isa = PBXBuildFile; fileRef = CED651C517D7AA21007C2954 /* TiMapViewProxy.m */; };
/* End PBXBuildFile section */

/* Begin PBXContainerItemProxy section */
		24416B8411C4CA280047AFDD /* PBXContainerItemProxy */ = {
			isa = PBXContainerItemProxy;
			containerPortal = 0867D690FE84028FC02AAC07 /* Project object */;
			proxyType = 1;
			remoteGlobalIDString = D2AAC07D0554694100DB518D;
			remoteInfo = map;
		};
/* End PBXContainerItemProxy section */

/* Begin PBXFileReference section */
		24DD6CF71134B3F500162E58 /* TiMapModule.h */ = {isa = PBXFileReference; fileEncoding = 4; lastKnownFileType = sourcecode.c.h; name = TiMapModule.h; path = Classes/TiMapModule.h; sourceTree = "<group>"; };
		24DD6CF81134B3F500162E58 /* TiMapModule.m */ = {isa = PBXFileReference; fileEncoding = 4; lastKnownFileType = sourcecode.c.objc; name = TiMapModule.m; path = Classes/TiMapModule.m; sourceTree = "<group>"; };
		24DD6D1B1134B66800162E58 /* titanium.xcconfig */ = {isa = PBXFileReference; fileEncoding = 4; lastKnownFileType = text.xcconfig; path = titanium.xcconfig; sourceTree = "<group>"; };
		24DE9E0F11C5FE74003F90F6 /* TiMapModuleAssets.h */ = {isa = PBXFileReference; fileEncoding = 4; lastKnownFileType = sourcecode.c.h; name = TiMapModuleAssets.h; path = Classes/TiMapModuleAssets.h; sourceTree = "<group>"; };
		24DE9E1011C5FE74003F90F6 /* TiMapModuleAssets.m */ = {isa = PBXFileReference; fileEncoding = 4; lastKnownFileType = sourcecode.c.objc; name = TiMapModuleAssets.m; path = Classes/TiMapModuleAssets.m; sourceTree = "<group>"; };
		AA747D9E0F9514B9006C5449 /* TiMap_Prefix.pch */ = {isa = PBXFileReference; fileEncoding = 4; lastKnownFileType = sourcecode.c.h; path = TiMap_Prefix.pch; sourceTree = SOURCE_ROOT; };
		AACBBE490F95108600F1A2B1 /* Foundation.framework */ = {isa = PBXFileReference; lastKnownFileType = wrapper.framework; name = Foundation.framework; path = System/Library/Frameworks/Foundation.framework; sourceTree = SDKROOT; };
		CE92EC1917DF7B2F0082E943 /* TiMapIOS7View.h */ = {isa = PBXFileReference; fileEncoding = 4; lastKnownFileType = sourcecode.c.h; name = TiMapIOS7View.h; path = Classes/TiMapIOS7View.h; sourceTree = "<group>"; };
		CE92EC1A17DF7B2F0082E943 /* TiMapIOS7View.m */ = {isa = PBXFileReference; fileEncoding = 4; lastKnownFileType = sourcecode.c.objc; name = TiMapIOS7View.m; path = Classes/TiMapIOS7View.m; sourceTree = "<group>"; };
		CE92EC1B17DF7B2F0082E943 /* TiMapIOS7ViewProxy.h */ = {isa = PBXFileReference; fileEncoding = 4; lastKnownFileType = sourcecode.c.h; name = TiMapIOS7ViewProxy.h; path = Classes/TiMapIOS7ViewProxy.h; sourceTree = "<group>"; };
		CE92EC1C17DF7B2F0082E943 /* TiMapIOS7ViewProxy.m */ = {isa = PBXFileReference; fileEncoding = 4; lastKnownFileType = sourcecode.c.objc; name = TiMapIOS7ViewProxy.m; path = Classes/TiMapIOS7ViewProxy.m; sourceTree = "<group>"; };
		CE92EC2117DF8B020082E943 /* TiMKOverlayPathUniversal.h */ = {isa = PBXFileReference; fileEncoding = 4; lastKnownFileType = sourcecode.c.h; name = TiMKOverlayPathUniversal.h; path = Classes/TiMKOverlayPathUniversal.h; sourceTree = "<group>"; };
		CE92EC2317DF9A640082E943 /* TiMapCameraProxy.h */ = {isa = PBXFileReference; fileEncoding = 4; lastKnownFileType = sourcecode.c.h; name = TiMapCameraProxy.h; path = Classes/TiMapCameraProxy.h; sourceTree = "<group>"; };
		CE92EC2417DF9A640082E943 /* TiMapCameraProxy.m */ = {isa = PBXFileReference; fileEncoding = 4; lastKnownFileType = sourcecode.c.objc; name = TiMapCameraProxy.m; path = Classes/TiMapCameraProxy.m; sourceTree = "<group>"; };
		CEC39B4417EB97BA00DCE1EE /* TiMapRouteProxy.h */ = {isa = PBXFileReference; fileEncoding = 4; lastKnownFileType = sourcecode.c.h; name = TiMapRouteProxy.h; path = Classes/TiMapRouteProxy.h; sourceTree = "<group>"; };
		CEC39B4517EB97BA00DCE1EE /* TiMapRouteProxy.m */ = {isa = PBXFileReference; fileEncoding = 4; lastKnownFileType = sourcecode.c.objc; name = TiMapRouteProxy.m; path = Classes/TiMapRouteProxy.m; sourceTree = "<group>"; };
		CED651BA17D7AA21007C2954 /* TiMapAnnotationProxy.h */ = {isa = PBXFileReference; fileEncoding = 4; lastKnownFileType = sourcecode.c.h; name = TiMapAnnotationProxy.h; path = Classes/TiMapAnnotationProxy.h; sourceTree = "<group>"; };
		CED651BB17D7AA21007C2954 /* TiMapAnnotationProxy.m */ = {isa = PBXFileReference; fileEncoding = 4; lastKnownFileType = sourcecode.c.objc; name = TiMapAnnotationProxy.m; path = Classes/TiMapAnnotationProxy.m; sourceTree = "<group>"; };
		CED651BC17D7AA21007C2954 /* TiMapCustomAnnotationView.h */ = {isa = PBXFileReference; fileEncoding = 4; lastKnownFileType = sourcecode.c.h; name = TiMapCustomAnnotationView.h; path = Classes/TiMapCustomAnnotationView.h; sourceTree = "<group>"; };
		CED651BD17D7AA21007C2954 /* TiMapCustomAnnotationView.m */ = {isa = PBXFileReference; fileEncoding = 4; lastKnownFileType = sourcecode.c.objc; name = TiMapCustomAnnotationView.m; path = Classes/TiMapCustomAnnotationView.m; sourceTree = "<group>"; };
		CED651BE17D7AA21007C2954 /* TiMapImageAnnotationView.h */ = {isa = PBXFileReference; fileEncoding = 4; lastKnownFileType = sourcecode.c.h; name = TiMapImageAnnotationView.h; path = Classes/TiMapImageAnnotationView.h; sourceTree = "<group>"; };
		CED651BF17D7AA21007C2954 /* TiMapImageAnnotationView.m */ = {isa = PBXFileReference; fileEncoding = 4; lastKnownFileType = sourcecode.c.objc; name = TiMapImageAnnotationView.m; path = Classes/TiMapImageAnnotationView.m; sourceTree = "<group>"; };
		CED651C017D7AA21007C2954 /* TiMapPinAnnotationView.h */ = {isa = PBXFileReference; fileEncoding = 4; lastKnownFileType = sourcecode.c.h; name = TiMapPinAnnotationView.h; path = Classes/TiMapPinAnnotationView.h; sourceTree = "<group>"; };
		CED651C117D7AA21007C2954 /* TiMapPinAnnotationView.m */ = {isa = PBXFileReference; fileEncoding = 4; lastKnownFileType = sourcecode.c.objc; name = TiMapPinAnnotationView.m; path = Classes/TiMapPinAnnotationView.m; sourceTree = "<group>"; };
		CED651C217D7AA21007C2954 /* TiMapView.h */ = {isa = PBXFileReference; fileEncoding = 4; lastKnownFileType = sourcecode.c.h; name = TiMapView.h; path = Classes/TiMapView.h; sourceTree = "<group>"; };
		CED651C317D7AA21007C2954 /* TiMapView.m */ = {isa = PBXFileReference; fileEncoding = 4; lastKnownFileType = sourcecode.c.objc; name = TiMapView.m; path = Classes/TiMapView.m; sourceTree = "<group>"; };
		CED651C417D7AA21007C2954 /* TiMapViewProxy.h */ = {isa = PBXFileReference; fileEncoding = 4; lastKnownFileType = sourcecode.c.h; name = TiMapViewProxy.h; path = Classes/TiMapViewProxy.h; sourceTree = "<group>"; };
		CED651C517D7AA21007C2954 /* TiMapViewProxy.m */ = {isa = PBXFileReference; fileEncoding = 4; lastKnownFileType = sourcecode.c.objc; name = TiMapViewProxy.m; path = Classes/TiMapViewProxy.m; sourceTree = "<group>"; };
		D2AAC07E0554694100DB518D /* libTiMap.a */ = {isa = PBXFileReference; explicitFileType = archive.ar; includeInIndex = 0; path = libTiMap.a; sourceTree = BUILT_PRODUCTS_DIR; };
/* End PBXFileReference section */

/* Begin PBXFrameworksBuildPhase section */
		D2AAC07C0554694100DB518D /* Frameworks */ = {
			isa = PBXFrameworksBuildPhase;
			buildActionMask = 2147483647;
			files = (
				AACBBE4A0F95108600F1A2B1 /* Foundation.framework in Frameworks */,
			);
			runOnlyForDeploymentPostprocessing = 0;
		};
/* End PBXFrameworksBuildPhase section */

/* Begin PBXGroup section */
		034768DFFF38A50411DB9C8B /* Products */ = {
			isa = PBXGroup;
			children = (
				D2AAC07E0554694100DB518D /* libTiMap.a */,
			);
			name = Products;
			sourceTree = "<group>";
		};
		0867D691FE84028FC02AAC07 /* map */ = {
			isa = PBXGroup;
			children = (
				08FB77AEFE84172EC02AAC07 /* Classes */,
				32C88DFF0371C24200C91783 /* Other Sources */,
				0867D69AFE84028FC02AAC07 /* Frameworks */,
				034768DFFF38A50411DB9C8B /* Products */,
			);
			name = map;
			sourceTree = "<group>";
		};
		0867D69AFE84028FC02AAC07 /* Frameworks */ = {
			isa = PBXGroup;
			children = (
				AACBBE490F95108600F1A2B1 /* Foundation.framework */,
			);
			name = Frameworks;
			sourceTree = "<group>";
		};
		08FB77AEFE84172EC02AAC07 /* Classes */ = {
			isa = PBXGroup;
			children = (
				CE92EC2117DF8B020082E943 /* TiMKOverlayPathUniversal.h */,
				24DD6CF71134B3F500162E58 /* TiMapModule.h */,
				24DD6CF81134B3F500162E58 /* TiMapModule.m */,
				CED651BA17D7AA21007C2954 /* TiMapAnnotationProxy.h */,
				CED651BB17D7AA21007C2954 /* TiMapAnnotationProxy.m */,
				CE92EC2317DF9A640082E943 /* TiMapCameraProxy.h */,
				CE92EC2417DF9A640082E943 /* TiMapCameraProxy.m */,
				CEC39B4417EB97BA00DCE1EE /* TiMapRouteProxy.h */,
				CEC39B4517EB97BA00DCE1EE /* TiMapRouteProxy.m */,
				CED651BC17D7AA21007C2954 /* TiMapCustomAnnotationView.h */,
				CED651BD17D7AA21007C2954 /* TiMapCustomAnnotationView.m */,
				CED651BE17D7AA21007C2954 /* TiMapImageAnnotationView.h */,
				CED651BF17D7AA21007C2954 /* TiMapImageAnnotationView.m */,
				CED651C017D7AA21007C2954 /* TiMapPinAnnotationView.h */,
				CED651C117D7AA21007C2954 /* TiMapPinAnnotationView.m */,
				CED651C217D7AA21007C2954 /* TiMapView.h */,
				CED651C317D7AA21007C2954 /* TiMapView.m */,
				CED651C417D7AA21007C2954 /* TiMapViewProxy.h */,
				CED651C517D7AA21007C2954 /* TiMapViewProxy.m */,
				CE92EC1917DF7B2F0082E943 /* TiMapIOS7View.h */,
				CE92EC1A17DF7B2F0082E943 /* TiMapIOS7View.m */,
				CE92EC1B17DF7B2F0082E943 /* TiMapIOS7ViewProxy.h */,
				CE92EC1C17DF7B2F0082E943 /* TiMapIOS7ViewProxy.m */,
				24DE9E0F11C5FE74003F90F6 /* TiMapModuleAssets.h */,
				24DE9E1011C5FE74003F90F6 /* TiMapModuleAssets.m */,
			);
			name = Classes;
			sourceTree = "<group>";
		};
		32C88DFF0371C24200C91783 /* Other Sources */ = {
			isa = PBXGroup;
			children = (
				AA747D9E0F9514B9006C5449 /* TiMap_Prefix.pch */,
				24DD6D1B1134B66800162E58 /* titanium.xcconfig */,
			);
			name = "Other Sources";
			sourceTree = "<group>";
		};
/* End PBXGroup section */

/* Begin PBXHeadersBuildPhase section */
		D2AAC07A0554694100DB518D /* Headers */ = {
			isa = PBXHeadersBuildPhase;
			buildActionMask = 2147483647;
			files = (
				AA747D9F0F9514B9006C5449 /* TiMap_Prefix.pch in Headers */,
				CE92EC2217DF8B020082E943 /* TiMKOverlayPathUniversal.h in Headers */,
				24DD6CF91134B3F500162E58 /* TiMapModule.h in Headers */,
				CE92EC1F17DF7B2F0082E943 /* TiMapIOS7ViewProxy.h in Headers */,
				24DE9E1111C5FE74003F90F6 /* TiMapModuleAssets.h in Headers */,
				CED651C617D7AA21007C2954 /* TiMapAnnotationProxy.h in Headers */,
				CE92EC2517DF9A640082E943 /* TiMapCameraProxy.h in Headers */,
				CEC39B4617EB97BA00DCE1EE /* TiMapRouteProxy.h in Headers */,
				CED651C817D7AA21007C2954 /* TiMapCustomAnnotationView.h in Headers */,
				CED651CA17D7AA21007C2954 /* TiMapImageAnnotationView.h in Headers */,
				CED651CC17D7AA21007C2954 /* TiMapPinAnnotationView.h in Headers */,
				CED651CE17D7AA21007C2954 /* TiMapView.h in Headers */,
				CED651D017D7AA21007C2954 /* TiMapViewProxy.h in Headers */,
				CE92EC1D17DF7B2F0082E943 /* TiMapIOS7View.h in Headers */,
			);
			runOnlyForDeploymentPostprocessing = 0;
		};
/* End PBXHeadersBuildPhase section */

/* Begin PBXNativeTarget section */
		D2AAC07D0554694100DB518D /* map */ = {
			isa = PBXNativeTarget;
			buildConfigurationList = 1DEB921E08733DC00010E9CD /* Build configuration list for PBXNativeTarget "map" */;
			buildPhases = (
				D2AAC07A0554694100DB518D /* Headers */,
				D2AAC07B0554694100DB518D /* Sources */,
				D2AAC07C0554694100DB518D /* Frameworks */,
			);
			buildRules = (
			);
			dependencies = (
			);
			name = map;
			productName = map;
			productReference = D2AAC07E0554694100DB518D /* libTiMap.a */;
			productType = "com.apple.product-type.library.static";
		};
/* End PBXNativeTarget section */

/* Begin PBXProject section */
		0867D690FE84028FC02AAC07 /* Project object */ = {
			isa = PBXProject;
			attributes = {
			};
			buildConfigurationList = 1DEB922208733DC00010E9CD /* Build configuration list for PBXProject "map" */;
			compatibilityVersion = "Xcode 3.1";
			developmentRegion = English;
			hasScannedForEncodings = 1;
			knownRegions = (
				English,
				Japanese,
				French,
				German,
			);
			mainGroup = 0867D691FE84028FC02AAC07 /* map */;
			productRefGroup = 034768DFFF38A50411DB9C8B /* Products */;
			projectDirPath = "";
			projectRoot = "";
			targets = (
				D2AAC07D0554694100DB518D /* map */,
				24416B8111C4CA220047AFDD /* Build & Test */,
			);
		};
/* End PBXProject section */

/* Begin PBXShellScriptBuildPhase section */
		24416B8011C4CA220047AFDD /* ShellScript */ = {
			isa = PBXShellScriptBuildPhase;
			buildActionMask = 2147483647;
			files = (
			);
			inputPaths = (
			);
			outputPaths = (
			);
			runOnlyForDeploymentPostprocessing = 0;
			shellPath = /bin/sh;
			shellScript = "# shell script goes here\n\npython \"${TITANIUM_SDK}/titanium.py\" run --dir=\"${PROJECT_DIR}\"\nexit $?\n";
		};
/* End PBXShellScriptBuildPhase section */

/* Begin PBXSourcesBuildPhase section */
		D2AAC07B0554694100DB518D /* Sources */ = {
			isa = PBXSourcesBuildPhase;
			buildActionMask = 2147483647;
			files = (
				24DD6CFA1134B3F500162E58 /* TiMapModule.m in Sources */,
				24DE9E1211C5FE74003F90F6 /* TiMapModuleAssets.m in Sources */,
				CED651C717D7AA21007C2954 /* TiMapAnnotationProxy.m in Sources */,
				CED651C917D7AA21007C2954 /* TiMapCustomAnnotationView.m in Sources */,
				CEC39B4717EB97BA00DCE1EE /* TiMapRouteProxy.m in Sources */,
				CE92EC2617DF9A640082E943 /* TiMapCameraProxy.m in Sources */,
				CED651CB17D7AA21007C2954 /* TiMapImageAnnotationView.m in Sources */,
				CE92EC1E17DF7B2F0082E943 /* TiMapIOS7View.m in Sources */,
				CED651CD17D7AA21007C2954 /* TiMapPinAnnotationView.m in Sources */,
				CE92EC2017DF7B2F0082E943 /* TiMapIOS7ViewProxy.m in Sources */,
				CED651CF17D7AA21007C2954 /* TiMapView.m in Sources */,
				CED651D117D7AA21007C2954 /* TiMapViewProxy.m in Sources */,
			);
			runOnlyForDeploymentPostprocessing = 0;
		};
/* End PBXSourcesBuildPhase section */

/* Begin PBXTargetDependency section */
		24416B8511C4CA280047AFDD /* PBXTargetDependency */ = {
			isa = PBXTargetDependency;
			target = D2AAC07D0554694100DB518D /* map */;
			targetProxy = 24416B8411C4CA280047AFDD /* PBXContainerItemProxy */;
		};
/* End PBXTargetDependency section */

/* Begin XCBuildConfiguration section */
		1DEB921F08733DC00010E9CD /* Debug */ = {
			isa = XCBuildConfiguration;
			baseConfigurationReference = 24DD6D1B1134B66800162E58 /* titanium.xcconfig */;
			buildSettings = {
				ARCHS = (
					armv6,
					armv7,
				);
				"ARCHS[sdk=iphoneos*]" = (
					armv6,
					armv7,
				);
				"ARCHS[sdk=iphonesimulator*]" = i386;
				CODE_SIGN_IDENTITY = "iPhone Developer";
				"CODE_SIGN_IDENTITY[sdk=iphoneos*]" = "iPhone Developer";
				DSTROOT = /tmp/TiMap.dst;
				GCC_C_LANGUAGE_STANDARD = c99;
				GCC_OPTIMIZATION_LEVEL = 0;
				GCC_PRECOMPILE_PREFIX_HEADER = YES;
				GCC_PREFIX_HEADER = TiMap_Prefix.pch;
				GCC_PREPROCESSOR_DEFINITIONS = "TI_VERSION=$(TI_VERSION)";
				GCC_TREAT_WARNINGS_AS_ERRORS = NO;
				GCC_VERSION = "";
				GCC_WARN_ABOUT_RETURN_TYPE = NO;
				GCC_WARN_MISSING_PARENTHESES = NO;
				GCC_WARN_SHADOW = NO;
				GCC_WARN_STRICT_SELECTOR_MATCH = NO;
				GCC_WARN_UNUSED_FUNCTION = YES;
				GCC_WARN_UNUSED_PARAMETER = NO;
				GCC_WARN_UNUSED_VALUE = NO;
				GCC_WARN_UNUSED_VARIABLE = NO;
				HEADER_SEARCH_PATHS = (
					"$(TITANIUM_BASE_SDK)",
					"$(TITANIUM_BASE_SDK2)",
					"$(TITANIUM_BASE_SDK3)",
				);
				INSTALL_PATH = /usr/local/lib;
				LIBRARY_SEARCH_PATHS = "";
				OTHER_CFLAGS = (
					"-DDEBUG",
					"-DTI_POST_1_2",
				);
				OTHER_LDFLAGS = "-ObjC";
				PRODUCT_NAME = TiMap;
				PROVISIONING_PROFILE = "";
				"PROVISIONING_PROFILE[sdk=iphoneos*]" = "";
				RUN_CLANG_STATIC_ANALYZER = NO;
				SDKROOT = iphoneos;
				USER_HEADER_SEARCH_PATHS = "";
			};
			name = Debug;
		};
		1DEB922008733DC00010E9CD /* Release */ = {
			isa = XCBuildConfiguration;
			baseConfigurationReference = 24DD6D1B1134B66800162E58 /* titanium.xcconfig */;
			buildSettings = {
				ALWAYS_SEARCH_USER_PATHS = NO;
				ARCHS = (
					armv6,
					armv7,
				);
				"ARCHS[sdk=iphoneos*]" = (
					armv6,
					armv7,
				);
				"ARCHS[sdk=iphonesimulator*]" = i386;
				DSTROOT = /tmp/TiMap.dst;
				GCC_C_LANGUAGE_STANDARD = c99;
				GCC_MODEL_TUNING = G5;
				GCC_PRECOMPILE_PREFIX_HEADER = YES;
				GCC_PREFIX_HEADER = TiMap_Prefix.pch;
				GCC_PREPROCESSOR_DEFINITIONS = "TI_VERSION=$(TI_VERSION)";
				GCC_TREAT_WARNINGS_AS_ERRORS = NO;
				GCC_VERSION = "";
				GCC_WARN_ABOUT_RETURN_TYPE = NO;
				GCC_WARN_MISSING_PARENTHESES = NO;
				GCC_WARN_SHADOW = NO;
				GCC_WARN_STRICT_SELECTOR_MATCH = NO;
				GCC_WARN_UNUSED_FUNCTION = YES;
				GCC_WARN_UNUSED_PARAMETER = NO;
				GCC_WARN_UNUSED_VALUE = NO;
				GCC_WARN_UNUSED_VARIABLE = NO;
				HEADER_SEARCH_PATHS = (
					"$(TITANIUM_BASE_SDK)",
					"$(TITANIUM_BASE_SDK2)",
					"$(TITANIUM_BASE_SDK3)",
				);
				INSTALL_PATH = /usr/local/lib;
				IPHONEOS_DEPLOYMENT_TARGET = 4.0;
				LIBRARY_SEARCH_PATHS = "";
				OTHER_CFLAGS = "-DTI_POST_1_2";
				OTHER_LDFLAGS = "-ObjC";
				PRODUCT_NAME = TiMap;
				RUN_CLANG_STATIC_ANALYZER = NO;
				SDKROOT = iphoneos;
				USER_HEADER_SEARCH_PATHS = "";
			};
			name = Release;
		};
		1DEB922308733DC00010E9CD /* Debug */ = {
			isa = XCBuildConfiguration;
			baseConfigurationReference = 24DD6D1B1134B66800162E58 /* titanium.xcconfig */;
			buildSettings = {
				ARCHS = (
					armv6,
					armv7,
				);
				"ARCHS[sdk=iphoneos*]" = (
					armv6,
					armv7,
				);
				"ARCHS[sdk=iphonesimulator*]" = i386;
				CODE_SIGN_IDENTITY = "iPhone Developer";
				"CODE_SIGN_IDENTITY[sdk=iphoneos*]" = "iPhone Developer";
				DSTROOT = /tmp/TiMap.dst;
				GCC_C_LANGUAGE_STANDARD = c99;
				GCC_OPTIMIZATION_LEVEL = 0;
				GCC_PRECOMPILE_PREFIX_HEADER = YES;
				GCC_PREFIX_HEADER = TiMap_Prefix.pch;
				GCC_PREPROCESSOR_DEFINITIONS = "TI_VERSION=$(TI_VERSION)";
				GCC_TREAT_WARNINGS_AS_ERRORS = NO;
				GCC_VERSION = "";
				GCC_WARN_ABOUT_RETURN_TYPE = NO;
				GCC_WARN_MISSING_PARENTHESES = NO;
				GCC_WARN_SHADOW = NO;
				GCC_WARN_STRICT_SELECTOR_MATCH = NO;
				GCC_WARN_UNUSED_FUNCTION = YES;
				GCC_WARN_UNUSED_PARAMETER = NO;
				GCC_WARN_UNUSED_VALUE = NO;
				GCC_WARN_UNUSED_VARIABLE = NO;
				INSTALL_PATH = /usr/local/lib;
				OTHER_CFLAGS = (
					"-DDEBUG",
					"-DTI_POST_1_2",
				);
				OTHER_LDFLAGS = "-ObjC";
				PRODUCT_NAME = TiMap;
				PROVISIONING_PROFILE = "";
				"PROVISIONING_PROFILE[sdk=iphoneos*]" = "";
				RUN_CLANG_STATIC_ANALYZER = NO;
				SDKROOT = iphoneos;
				USER_HEADER_SEARCH_PATHS = "";
			};
			name = Debug;
		};
		1DEB922408733DC00010E9CD /* Release */ = {
			isa = XCBuildConfiguration;
			baseConfigurationReference = 24DD6D1B1134B66800162E58 /* titanium.xcconfig */;
			buildSettings = {
				ALWAYS_SEARCH_USER_PATHS = NO;
				ARCHS = (
					armv6,
					armv7,
				);
				"ARCHS[sdk=iphoneos*]" = (
					armv6,
					armv7,
				);
				"ARCHS[sdk=iphonesimulator*]" = i386;
				DSTROOT = /tmp/TiMap.dst;
				GCC_C_LANGUAGE_STANDARD = c99;
				GCC_MODEL_TUNING = G5;
				GCC_PRECOMPILE_PREFIX_HEADER = YES;
				GCC_PREFIX_HEADER = TiMap_Prefix.pch;
				GCC_PREPROCESSOR_DEFINITIONS = "TI_VERSION=$(TI_VERSION)";
				GCC_TREAT_WARNINGS_AS_ERRORS = NO;
				GCC_VERSION = "";
				GCC_WARN_ABOUT_RETURN_TYPE = NO;
				GCC_WARN_MISSING_PARENTHESES = NO;
				GCC_WARN_SHADOW = NO;
				GCC_WARN_STRICT_SELECTOR_MATCH = NO;
				GCC_WARN_UNUSED_FUNCTION = YES;
				GCC_WARN_UNUSED_PARAMETER = NO;
				GCC_WARN_UNUSED_VALUE = NO;
				GCC_WARN_UNUSED_VARIABLE = NO;
				INSTALL_PATH = /usr/local/lib;
				IPHONEOS_DEPLOYMENT_TARGET = 4.0;
				OTHER_CFLAGS = "-DTI_POST_1_2";
				OTHER_LDFLAGS = "-ObjC";
				PRODUCT_NAME = TiMap;
				RUN_CLANG_STATIC_ANALYZER = NO;
				SDKROOT = iphoneos;
				USER_HEADER_SEARCH_PATHS = "";
			};
			name = Release;
		};
		24416B8211C4CA220047AFDD /* Debug */ = {
			isa = XCBuildConfiguration;
			baseConfigurationReference = 24DD6D1B1134B66800162E58 /* titanium.xcconfig */;
			buildSettings = {
				COPY_PHASE_STRIP = NO;
				GCC_DYNAMIC_NO_PIC = NO;
				GCC_OPTIMIZATION_LEVEL = 0;
				PRODUCT_NAME = "Build & test";
			};
			name = Debug;
		};
		24416B8311C4CA220047AFDD /* Release */ = {
			isa = XCBuildConfiguration;
			baseConfigurationReference = 24DD6D1B1134B66800162E58 /* titanium.xcconfig */;
			buildSettings = {
				COPY_PHASE_STRIP = YES;
				DEBUG_INFORMATION_FORMAT = "dwarf-with-dsym";
				GCC_ENABLE_FIX_AND_CONTINUE = NO;
				PRODUCT_NAME = "Build & test";
				ZERO_LINK = NO;
			};
			name = Release;
		};
/* End XCBuildConfiguration section */

/* Begin XCConfigurationList section */
		1DEB921E08733DC00010E9CD /* Build configuration list for PBXNativeTarget "map" */ = {
			isa = XCConfigurationList;
			buildConfigurations = (
				1DEB921F08733DC00010E9CD /* Debug */,
				1DEB922008733DC00010E9CD /* Release */,
			);
			defaultConfigurationIsVisible = 0;
			defaultConfigurationName = Release;
		};
		1DEB922208733DC00010E9CD /* Build configuration list for PBXProject "map" */ = {
			isa = XCConfigurationList;
			buildConfigurations = (
				1DEB922308733DC00010E9CD /* Debug */,
				1DEB922408733DC00010E9CD /* Release */,
			);
			defaultConfigurationIsVisible = 0;
			defaultConfigurationName = Release;
		};
		24416B8A11C4CA520047AFDD /* Build configuration list for PBXAggregateTarget "Build & Test" */ = {
			isa = XCConfigurationList;
			buildConfigurations = (
				24416B8211C4CA220047AFDD /* Debug */,
				24416B8311C4CA220047AFDD /* Release */,
			);
			defaultConfigurationIsVisible = 0;
			defaultConfigurationName = Release;
		};
/* End XCConfigurationList section */
	};
	rootObject = 0867D690FE84028FC02AAC07 /* Project object */;
}
